// !$*UTF8*$!
{
	archiveVersion = 1;
	classes = {
	};
	objectVersion = 56;
	objects = {

/* Begin PBXBuildFile section */
		B6D0F2B2BF344D56B1A8215C /* MainTabView.swift in Sources */ = {isa = PBXBuildFile; fileRef = 4F59A6ABA3DD49A69949FDBA /* MainTabView.swift */; };

		ACA4AC48339E453CA1338F0C /* KakaoLocalService.swift in Sources */ = {isa = PBXBuildFile; fileRef = 0A42622C9E784BFFA1B24134 /* KakaoLocalService.swift */; };

		EB15446A52F6492887C30A37 /* FavoritesViewModel.swift in Sources */ = {isa = PBXBuildFile; fileRef = 765E72C72DA8499A9A4236CD /* FavoritesViewModel.swift */; };

		8F9A6577966C4241819A0670 /* FavoritesView.swift in Sources */ = {isa = PBXBuildFile; fileRef = 6950A77C37AB4EEAB111ABFA /* FavoritesView.swift */; };

		05F94212609C4438AC4BC753 /* AuthenticationService.swift in Sources */ = {isa = PBXBuildFile; fileRef = C4B74556FBE848AE90BE1433 /* AuthenticationService.swift */; };
		A020C347BC0D4AEABB8F0533 /* ClaudeAPIService.swift in Sources */ = {isa = PBXBuildFile; fileRef = 58D21435472F41518A1C2288 /* ClaudeAPIService.swift */; };
		2FB33C9AC0F44B88B9840EC4 /* Config.swift in Sources */ = {isa = PBXBuildFile; fileRef = C7877030BE1F41DEBDE9243A /* Config.swift */; };
		2C682AFB41334155B58D90D2 /* FirestoreService.swift in Sources */ = {isa = PBXBuildFile; fileRef = 4664B36D2B8241E592AD83C8 /* FirestoreService.swift */; };
		17B8C164960F471ABD29C7A1 /* MenuAnalysisService.swift in Sources */ = {isa = PBXBuildFile; fileRef = 6E31AECC6DC247BEBF022FBA /* MenuAnalysisService.swift */; };
		842D2374319C4ABEA8E05188 /* NaverSearchService.swift in Sources */ = {isa = PBXBuildFile; fileRef = 64A6FAAC8C114F10AC3746A4 /* NaverSearchService.swift */; };
		SafeEatApp_Swift /* SafeEatApp.swift in Sources */ = {isa = PBXBuildFile; fileRef = SafeEatApp /* SafeEatApp.swift */; };
		RestaurantDetailView_Swift /* RestaurantDetailView.swift in Sources */ = {isa = PBXBuildFile; fileRef = RestaurantDetailView /* RestaurantDetailView.swift */; };
		Restaurant_Swift /* Restaurant.swift in Sources */ = {isa = PBXBuildFile; fileRef = Restaurant /* Restaurant.swift */; };
		RestaurantDetailViewModel_Swift /* RestaurantDetailViewModel.swift in Sources */ = {isa = PBXBuildFile; fileRef = RestaurantDetailViewModel /* RestaurantDetailViewModel.swift */; };
		ColorExtension_Swift /* ColorExtension.swift in Sources */ = {isa = PBXBuildFile; fileRef = ColorExtension /* ColorExtension.swift */; };
/* End PBXBuildFile section */

/* Begin PBXFileReference section */
		4F59A6ABA3DD49A69949FDBA /* MainTabView.swift */ = {isa = PBXFileReference; lastKnownFileType = sourcecode.swift; path = MainTabView.swift; sourceTree = "<group>"; };

		0A42622C9E784BFFA1B24134 /* KakaoLocalService.swift */ = {isa = PBXFileReference; lastKnownFileType = sourcecode.swift; path = KakaoLocalService.swift; sourceTree = "<group>"; };

		765E72C72DA8499A9A4236CD /* FavoritesViewModel.swift */ = {isa = PBXFileReference; lastKnownFileType = sourcecode.swift; path = FavoritesViewModel.swift; sourceTree = "<group>"; };

		6950A77C37AB4EEAB111ABFA /* FavoritesView.swift */ = {isa = PBXFileReference; lastKnownFileType = sourcecode.swift; path = FavoritesView.swift; sourceTree = "<group>"; };

		C4B74556FBE848AE90BE1433 /* AuthenticationService.swift */ = {isa = PBXFileReference; lastKnownFileType = sourcecode.swift; path = AuthenticationService.swift; sourceTree = "<group>"; };
		58D21435472F41518A1C2288 /* ClaudeAPIService.swift */ = {isa = PBXFileReference; lastKnownFileType = sourcecode.swift; path = ClaudeAPIService.swift; sourceTree = "<group>"; };
		C7877030BE1F41DEBDE9243A /* Config.swift */ = {isa = PBXFileReference; lastKnownFileType = sourcecode.swift; path = Config.swift; sourceTree = "<group>"; };
		4664B36D2B8241E592AD83C8 /* FirestoreService.swift */ = {isa = PBXFileReference; lastKnownFileType = sourcecode.swift; path = FirestoreService.swift; sourceTree = "<group>"; };
		6E31AECC6DC247BEBF022FBA /* MenuAnalysisService.swift */ = {isa = PBXFileReference; lastKnownFileType = sourcecode.swift; path = MenuAnalysisService.swift; sourceTree = "<group>"; };
		64A6FAAC8C114F10AC3746A4 /* NaverSearchService.swift */ = {isa = PBXFileReference; lastKnownFileType = sourcecode.swift; path = NaverSearchService.swift; sourceTree = "<group>"; };
		SafeEat_App /* SafeEat.app */ = {isa = PBXFileReference; explicitFileType = wrapper.application; includeInIndex = 0; path = SafeEat.app; sourceTree = BUILT_PRODUCTS_DIR; };
		SafeEatApp /* SafeEatApp.swift */ = {isa = PBXFileReference; lastKnownFileType = sourcecode.swift; path = SafeEatApp.swift; sourceTree = "<group>"; };
		RestaurantDetailView /* RestaurantDetailView.swift */ = {isa = PBXFileReference; lastKnownFileType = sourcecode.swift; path = RestaurantDetailView.swift; sourceTree = "<group>"; };
		Restaurant /* Restaurant.swift */ = {isa = PBXFileReference; lastKnownFileType = sourcecode.swift; path = Restaurant.swift; sourceTree = "<group>"; };
		RestaurantDetailViewModel /* RestaurantDetailViewModel.swift */ = {isa = PBXFileReference; lastKnownFileType = sourcecode.swift; path = RestaurantDetailViewModel.swift; sourceTree = "<group>"; };
		ColorExtension /* ColorExtension.swift */ = {isa = PBXFileReference; lastKnownFileType = sourcecode.swift; path = ColorExtension.swift; sourceTree = "<group>"; };
/* End PBXFileReference section */

/* Begin PBXFrameworksBuildPhase section */
		Frameworks /* Frameworks */ = {
			isa = PBXFrameworksBuildPhase;
			buildActionMask = 2147483647;
			files = (
			);
			runOnlyForDeploymentPostprocessing = 0;
		};
/* End PBXFrameworksBuildPhase section */

/* Begin PBXGroup section */
		BC99EA57A4DC45F08B5A8C3E /* Services */ = {
			isa = PBXGroup;
			children = (
								0A42622C9E784BFFA1B24134 /* KakaoLocalService.swift */,
C4B74556FBE848AE90BE1433 /* AuthenticationService.swift */,
				58D21435472F41518A1C2288 /* ClaudeAPIService.swift */,
				C7877030BE1F41DEBDE9243A /* Config.swift */,
				4664B36D2B8241E592AD83C8 /* FirestoreService.swift */,
				6E31AECC6DC247BEBF022FBA /* MenuAnalysisService.swift */,
				64A6FAAC8C114F10AC3746A4 /* NaverSearchService.swift */,
			);
			path = Services;
			sourceTree = "<group>";
		};
		Root = {
			isa = PBXGroup;
			children = (
				SafeEat_Folder /* SafeEat */,
				Products /* Products */,
			);
			sourceTree = "<group>";
		};
		Products /* Products */ = {
			isa = PBXGroup;
			children = (
				SafeEat_App /* SafeEat.app */,
			);
			name = Products;
			sourceTree = "<group>";
		};
		SafeEat_Folder /* SafeEat */ = {
			isa = PBXGroup;
			children = (
				SafeEatApp /* SafeEatApp.swift */,
				Views_Folder /* Views */,
				Models_Folder /* Models */,
				ViewModels_Folder /* ViewModels */,
				Utils_Folder /* Utils */,
			
				BC99EA57A4DC45F08B5A8C3E /* Services */,);
			path = SafeEat;
			sourceTree = "<group>";
		};
		Views_Folder /* Views */ = {
			isa = PBXGroup;
			children = (
																4F59A6ABA3DD49A69949FDBA /* MainTabView.swift */,
765E72C72DA8499A9A4236CD /* FavoritesViewModel.swift */,
6950A77C37AB4EEAB111ABFA /* FavoritesView.swift */,
RestaurantDetailView /* RestaurantDetailView.swift */,
			);
			path = Views;
			sourceTree = "<group>";
		};
		Models_Folder /* Models */ = {
			isa = PBXGroup;
			children = (
				Restaurant /* Restaurant.swift */,
			);
			path = Models;
			sourceTree = "<group>";
		};
		ViewModels_Folder /* ViewModels */ = {
			isa = PBXGroup;
			children = (
				RestaurantDetailViewModel /* RestaurantDetailViewModel.swift */,
			);
			path = ViewModels;
			sourceTree = "<group>";
		};
		Utils_Folder /* Utils */ = {
			isa = PBXGroup;
			children = (
				ColorExtension /* ColorExtension.swift */,
			);
			path = Utils;
			sourceTree = "<group>";
		};
/* End PBXGroup section */

/* Begin PBXNativeTarget section */
		SafeEat /* SafeEat */ = {
			isa = PBXNativeTarget;
			buildConfigurationList = SafeEat_BuildConfigurationList /* Build configuration list for PBXNativeTarget "SafeEat" */;
			buildPhases = (
				Sources /* Sources */,
				Frameworks /* Frameworks */,
				Resources /* Resources */,
			);
			buildRules = (
			);
			dependencies = (
			);
			name = SafeEat;
			productName = SafeEat;
			productReference = SafeEat_App /* SafeEat.app */;
			productType = "com.apple.product-type.application";
		};
/* End PBXNativeTarget section */

/* Begin PBXProject section */
		Project /* Project object */ = {
			isa = PBXProject;
			attributes = {
				BuildIndependentTargetsInParallel = 1;
				LastSwiftUpdateCheck = 1500;
				LastUpgradeCheck = 1500;
				TargetAttributes = {
					SafeEat = {
						CreatedOnToolsVersion = 15.0;
					};
				};
			};
			buildConfigurationList = Project_BuildConfigurationList /* Build configuration list for PBXProject "SafeEat" */;
			compatibilityVersion = "Xcode 14.0";
			developmentRegion = en;
			hasScannedForEncodings = 0;
			knownRegions = (
				en,
				Base,
			);
			mainGroup = Root;
			productRefGroup = Products /* Products */;
			projectDirPath = "";
			projectRoot = "";
			targets = (
				SafeEat /* SafeEat */,
			);
		};
/* End PBXProject section */

/* Begin PBXResourcesBuildPhase section */
		Resources /* Resources */ = {
			isa = PBXResourcesBuildPhase;
			buildActionMask = 2147483647;
			files = (
																			B6D0F2B2BF344D56B1A8215C /* MainTabView.swift in Sources */,
ACA4AC48339E453CA1338F0C /* KakaoLocalService.swift in Sources */,
EB15446A52F6492887C30A37 /* FavoritesViewModel.swift in Sources */,
8F9A6577966C4241819A0670 /* FavoritesView.swift in Sources */,
);
			runOnlyForDeploymentPostprocessing = 0;
		};
/* End PBXResourcesBuildPhase section */

/* Begin PBXSourcesBuildPhase section */
		Sources /* Sources */ = {
			isa = PBXSourcesBuildPhase;
			buildActionMask = 2147483647;
			files = (
				SafeEatApp_Swift /* SafeEatApp.swift in Sources */,
				RestaurantDetailView_Swift /* RestaurantDetailView.swift in Sources */,
				Restaurant_Swift /* Restaurant.swift in Sources */,
				RestaurantDetailViewModel_Swift /* RestaurantDetailViewModel.swift in Sources */,
				ColorExtension_Swift /* ColorExtension.swift in Sources */,
			
				05F94212609C4438AC4BC753 /* AuthenticationService.swift in Sources */,
				A020C347BC0D4AEABB8F0533 /* ClaudeAPIService.swift in Sources */,
				2FB33C9AC0F44B88B9840EC4 /* Config.swift in Sources */,
				2C682AFB41334155B58D90D2 /* FirestoreService.swift in Sources */,
				17B8C164960F471ABD29C7A1 /* MenuAnalysisService.swift in Sources */,
				842D2374319C4ABEA8E05188 /* NaverSearchService.swift in Sources */,);
			runOnlyForDeploymentPostprocessing = 0;
		};
/* End PBXSourcesBuildPhase section */

/* Begin XCBuildConfiguration section */
		Debug /* Debug */ = {
			isa = XCBuildConfiguration;
			buildSettings = {
				ALWAYS_SEARCH_USER_PATHS = NO;
				ASSETCATALOG_COMPILER_APPICON_NAME = AppIcon;
				ASSETCATALOG_COMPILER_GLOBAL_ACCENT_COLOR_NAME = AccentColor;
				CLANG_ANALYZER_NONNULL = YES;
				CLANG_ANALYZER_NUMBER_OBJECT_CONVERSION = YES_AGGRESSIVE;
				CLANG_CXX_LANGUAGE_STANDARD = "gnu++20";
				CLANG_ENABLE_MODULES = YES;
				CLANG_ENABLE_OBJC_ARC = YES;
				CLANG_ENABLE_OBJC_WEAK = YES;
				CLANG_WARN_BLOCK_CAPTURE_AUTORELEASING = YES;
				CLANG_WARN_BOOL_CONVERSION = YES;
				CLANG_WARN_COMMA = YES;
				CLANG_WARN_CONSTANT_CONVERSION = YES;
				CLANG_WARN_DEPRECATED_OBJC_IMPLEMENTATIONS = YES;
				CLANG_WARN_DIRECT_OBJC_ISA_USAGE = YES_ERROR;
				CLANG_WARN_DOCUMENTATION_COMMENTS = YES;
				CLANG_WARN_EMPTY_BODY = YES;
				CLANG_WARN_ENUM_CONVERSION = YES;
				CLANG_WARN_INFINITE_RECURSION = YES;
				CLANG_WARN_INT_CONVERSION = YES;
				CLANG_WARN_NON_LITERAL_NULL_CONVERSION = YES;
				CLANG_WARN_OBJC_IMPLICIT_RETAIN_SELF = YES;
				CLANG_WARN_OBJC_LITERAL_CONVERSION = YES;
				CLANG_WARN_OBJC_ROOT_CLASS = YES_ERROR;
				CLANG_WARN_QUOTED_INCLUDE_IN_FRAMEWORK_HEADER = YES;
				CLANG_WARN_RANGE_LOOP_ANALYSIS = YES;
				CLANG_WARN_STRICT_PROTOTYPES = YES;
				CLANG_WARN_SUSPICIOUS_MOVE = YES;
				CLANG_WARN_UNGUARDED_AVAILABILITY = YES_AGGRESSIVE;
				CLANG_WARN_UNREACHABLE_CODE = YES;
				CLANG_WARN__DUPLICATE_METHOD_MATCH = YES;
				CODE_SIGN_STYLE = Automatic;
				COPY_PHASE_STRIP = NO;
				CURRENT_PROJECT_VERSION = 1;
				DEBUG_INFORMATION_FORMAT = dwarf;
				DEVELOPMENT_TEAM = "";
				ENABLE_STRICT_OBJC_MSGSEND = YES;
				ENABLE_TESTABILITY = YES;
				GCC_C_LANGUAGE_STANDARD = gnu11;
				GCC_DYNAMIC_NO_PIC = NO;
				GCC_NO_COMMON_BLOCKS = YES;
				GCC_OPTIMIZATION_LEVEL = 0;
				GCC_PREPROCESSOR_DEFINITIONS = (
					"DEBUG=1",
					"$(inherited)",
				);
				GCC_WARN_64_TO_32_BIT_CONVERSION = YES;
				GCC_WARN_ABOUT_RETURN_TYPE = YES_ERROR;
				GCC_WARN_UNDECLARED_SELECTOR = YES;
				GCC_WARN_UNINITIALIZED_AUTOS = YES_AGGRESSIVE;
				GCC_WARN_UNUSED_FUNCTION = YES;
				GCC_WARN_UNUSED_VARIABLE = YES;
				GENERATE_INFOPLIST_FILE = YES;
				INFOPLIST_FILE = SafeEat/Info.plist;
				INFOPLIST_KEY_UIApplicationSceneManifest_Generation = YES;
				INFOPLIST_KEY_UIApplicationSupportsIndirectInputEvents = YES;
				INFOPLIST_KEY_UILaunchScreen_Generation = YES;
				INFOPLIST_KEY_UISupportedInterfaceOrientations = UIInterfaceOrientationPortrait;
				INFOPLIST_KEY_UISupportedInterfaceOrientations_iPad = "UIInterfaceOrientationLandscapeLeft UIInterfaceOrientationLandscapeRight UIInterfaceOrientationPortrait UIInterfaceOrientationPortraitUpsideDown";
				IPHONEOS_DEPLOYMENT_TARGET = 16.0;
				LD_RUNPATH_SEARCH_PATHS = (
					"$(inherited)",
					"@executable_path/Frameworks",
				);
				MARKETING_VERSION = 1.0;
				MTL_ENABLE_DEBUG_INFO = INCLUDE_SOURCE;
				MTL_FAST_MATH = YES;
				ONLY_ACTIVE_ARCH = YES;
				PRODUCT_BUNDLE_IDENTIFIER = com.safeeat.app;
				PRODUCT_NAME = "$(TARGET_NAME)";
				SDKROOT = iphoneos;
				SWIFT_ACTIVE_COMPILATION_CONDITIONS = DEBUG;
				SWIFT_OPTIMIZATION_LEVEL = "-Onone";
				SWIFT_VERSION = 5.0;
				TARGETED_DEVICE_FAMILY = "1,2";
			};
			name = Debug;
		};
		Release /* Release */ = {
			isa = XCBuildConfiguration;
			buildSettings = {
				ALWAYS_SEARCH_USER_PATHS = NO;
				ASSETCATALOG_COMPILER_APPICON_NAME = AppIcon;
				ASSETCATALOG_COMPILER_GLOBAL_ACCENT_COLOR_NAME = AccentColor;
				CLANG_ANALYZER_NONNULL = YES;
				CLANG_ANALYZER_NUMBER_OBJECT_CONVERSION = YES_AGGRESSIVE;
				CLANG_CXX_LANGUAGE_STANDARD = "gnu++20";
				CLANG_ENABLE_MODULES = YES;
				CLANG_ENABLE_OBJC_ARC = YES;
				CLANG_ENABLE_OBJC_WEAK = YES;
				CLANG_WARN_BLOCK_CAPTURE_AUTORELEASING = YES;
				CLANG_WARN_BOOL_CONVERSION = YES;
				CLANG_WARN_COMMA = YES;
				CLANG_WARN_CONSTANT_CONVERSION = YES;
				CLANG_WARN_DEPRECATED_OBJC_IMPLEMENTATIONS = YES;
				CLANG_WARN_DIRECT_OBJC_ISA_USAGE = YES_ERROR;
				CLANG_WARN_DOCUMENTATION_COMMENTS = YES;
				CLANG_WARN_EMPTY_BODY = YES;
				CLANG_WARN_ENUM_CONVERSION = YES;
				CLANG_WARN_INFINITE_RECURSION = YES;
				CLANG_WARN_INT_CONVERSION = YES;
				CLANG_WARN_NON_LITERAL_NULL_CONVERSION = YES;
				CLANG_WARN_OBJC_IMPLICIT_RETAIN_SELF = YES;
				CLANG_WARN_OBJC_LITERAL_CONVERSION = YES;
				CLANG_WARN_OBJC_ROOT_CLASS = YES_ERROR;
				CLANG_WARN_QUOTED_INCLUDE_IN_FRAMEWORK_HEADER = YES;
				CLANG_WARN_RANGE_LOOP_ANALYSIS = YES;
				CLANG_WARN_STRICT_PROTOTYPES = YES;
				CLANG_WARN_SUSPICIOUS_MOVE = YES;
				CLANG_WARN_UNGUARDED_AVAILABILITY = YES_AGGRESSIVE;
				CLANG_WARN_UNREACHABLE_CODE = YES;
				CLANG_WARN__DUPLICATE_METHOD_MATCH = YES;
				CODE_SIGN_STYLE = Automatic;
				COPY_PHASE_STRIP = NO;
				CURRENT_PROJECT_VERSION = 1;
				DEBUG_INFORMATION_FORMAT = "dwarf-with-dsym";
				DEVELOPMENT_TEAM = "";
				ENABLE_NS_ASSERTIONS = NO;
				ENABLE_STRICT_OBJC_MSGSEND = YES;
				GCC_C_LANGUAGE_STANDARD = gnu11;
				GCC_NO_COMMON_BLOCKS = YES;
				GCC_WARN_64_TO_32_BIT_CONVERSION = YES;
				GCC_WARN_ABOUT_RETURN_TYPE = YES_ERROR;
				GCC_WARN_UNDECLARED_SELECTOR = YES;
				GCC_WARN_UNINITIALIZED_AUTOS = YES_AGGRESSIVE;
				GCC_WARN_UNUSED_FUNCTION = YES;
				GCC_WARN_UNUSED_VARIABLE = YES;
				GENERATE_INFOPLIST_FILE = YES;
				INFOPLIST_FILE = SafeEat/Info.plist;
				INFOPLIST_KEY_UIApplicationSceneManifest_Generation = YES;
				INFOPLIST_KEY_UIApplicationSupportsIndirectInputEvents = YES;
				INFOPLIST_KEY_UILaunchScreen_Generation = YES;
				INFOPLIST_KEY_UISupportedInterfaceOrientations = UIInterfaceOrientationPortrait;
				INFOPLIST_KEY_UISupportedInterfaceOrientations_iPad = "UIInterfaceOrientationLandscapeLeft UIInterfaceOrientationLandscapeRight UIInterfaceOrientationPortrait UIInterfaceOrientationPortraitUpsideDown";
				IPHONEOS_DEPLOYMENT_TARGET = 16.0;
				LD_RUNPATH_SEARCH_PATHS = (
					"$(inherited)",
					"@executable_path/Frameworks",
				);
				MARKETING_VERSION = 1.0;
				MTL_ENABLE_DEBUG_INFO = NO;
				MTL_FAST_MATH = YES;
				PRODUCT_BUNDLE_IDENTIFIER = com.safeeat.app;
				PRODUCT_NAME = "$(TARGET_NAME)";
				SDKROOT = iphoneos;
				SWIFT_COMPILATION_MODE = wholemodule;
				SWIFT_OPTIMIZATION_LEVEL = "-O";
				SWIFT_VERSION = 5.0;
				TARGETED_DEVICE_FAMILY = "1,2";
				VALIDATE_PRODUCT = YES;
			};
			name = Release;
		};
/* End XCBuildConfiguration section */

/* Begin XCConfigurationList section */
		Project_BuildConfigurationList /* Build configuration list for PBXProject "SafeEat" */ = {
			isa = XCConfigurationList;
			buildConfigurations = (
				Debug /* Debug */,
				Release /* Release */,
			);
			defaultConfigurationIsVisible = 0;
			defaultConfigurationName = Release;
		};
		SafeEat_BuildConfigurationList /* Build configuration list for PBXNativeTarget "SafeEat" */ = {
			isa = XCConfigurationList;
			buildConfigurations = (
				Debug /* Debug */,
				Release /* Release */,
			);
			defaultConfigurationIsVisible = 0;
			defaultConfigurationName = Release;
		};
/* End XCConfigurationList section */
	};
	rootObject = Project /* Project object */;
}
